
Microsoft Visual Studio Solution File, Format Version 12.00
# Visual Studio Version 17
VisualStudioVersion = 17.8.34601.278
MinimumVisualStudioVersion = 10.0.40219.1
Project("{FAE04EC0-301F-11D3-BF4B-00C04F79EFBC}") = "E-Commerce_GP", "E-Commerce_GP.csproj", "{2DF2761D-EC0C-4DC3-B4A4-BD083C305617}"
EndProject
Global
	GlobalSection(SolutionConfigurationPlatforms) = preSolution
		Debug|Any CPU = Debug|Any CPU
		Release|Any CPU = Release|Any CPU
	EndGlobalSection
	GlobalSection(ProjectConfigurationPlatforms) = postSolution
		{2DF2761D-EC0C-4DC3-B4A4-BD083C305617}.Debug|Any CPU.ActiveCfg = Debug|Any CPU
		{2DF2761D-EC0C-4DC3-B4A4-BD083C305617}.Debug|Any CPU.Build.0 = Debug|Any CPU
		{2DF2761D-EC0C-4DC3-B4A4-BD083C305617}.Release|Any CPU.ActiveCfg = Release|Any CPU
		{2DF2761D-EC0C-4DC3-B4A4-BD083C305617}.Release|Any CPU.Build.0 = Release|Any CPU
	EndGlobalSection
	GlobalSection(SolutionProperties) = preSolution
		HideSolutionNode = FALSE
	EndGlobalSection
	GlobalSection(ExtensibilityGlobals) = postSolution
		SolutionGuid = {814F8ACC-E15B-4FB7-B004-0CFFEA6D9E9A}
	EndGlobalSection
EndGlobal
